# THIS IS AN AUTOGENERATED FILE. DO NOT EDIT THIS FILE DIRECTLY.
# yarn lockfile v1


clone@^1.0.2:
  version "1.0.2"
  resolved "https://registry.yarnpkg.com/clone/-/clone-1.0.2.tgz#260b7a99ebb1edfe247538175f783243cb19d149"

deep-equal@^1.0.1:
  version "1.0.1"
  resolved "https://registry.yarnpkg.com/deep-equal/-/deep-equal-1.0.1.tgz#f5d260292b660e084eff4cdbc9f08ad3247448b5"

ot-json0@loominc/json0:
  version "1.0.1"
  resolved "https://codeload.github.com/loominc/json0/tar.gz/709b371d5bf32418ec7261a999fada9a773124eb"

runes@^0.4.0:
  version "0.4.0"
  resolved "https://registry.yarnpkg.com/runes/-/runes-0.4.0.tgz#791e605ac73c0c8eff17d631e12c8d8137f35b8a"
